
Microsoft Visual Studio Solution File, Format Version 12.00
# Visual Studio 15
VisualStudioVersion = 15.0.28307.1082
MinimumVisualStudioVersion = 10.0.40219.1
Project("{FAE04EC0-301F-11D3-BF4B-00C04F79EFBC}") = "WPF", "WPF\WPF.csproj", "{DFA9DAA3-3483-4B2A-9CF3-98308213E216}"
EndProject
Project("{FAE04EC0-301F-11D3-BF4B-00C04F79EFBC}") = "Grid", "Grid\Grid.csproj", "{8ECB123E-6C68-4D0F-BDB7-B8877F3B4A34}"
EndProject
Project("{FAE04EC0-301F-11D3-BF4B-00C04F79EFBC}") = "CustomUserControls", "CustomUserControls\CustomUserControls.csproj", "{E16FC7C2-B9D6-4AE0-BF64-AE25792DA2FF}"
EndProject
Project("{FAE04EC0-301F-11D3-BF4B-00C04F79EFBC}") = "CustomTextControls", "CustomTextControls\CustomTextControls.csproj", "{6944336E-7878-47C8-8D61-B4E6257B157C}"
EndProject
Project("{FAE04EC0-301F-11D3-BF4B-00C04F79EFBC}") = "DataBinding", "DataBinding\DataBinding.csproj", "{9F7C7CB5-4179-454E-B43D-5E0AFC493571}"
EndProject
Project("{FAE04EC0-301F-11D3-BF4B-00C04F79EFBC}") = "ListView", "ListView\ListView.csproj", "{434B9B09-B030-4F51-85BE-9103095C7B6C}"
EndProject
Project("{FAE04EC0-301F-11D3-BF4B-00C04F79EFBC}") = "ObservableCollection", "ObservableCollection\ObservableCollection.csproj", "{A6FF57DE-A0AB-4D92-B5D2-C2E38151643F}"
EndProject
Global
	GlobalSection(SolutionConfigurationPlatforms) = preSolution
		Debug|Any CPU = Debug|Any CPU
		Release|Any CPU = Release|Any CPU
	EndGlobalSection
	GlobalSection(ProjectConfigurationPlatforms) = postSolution
		{DFA9DAA3-3483-4B2A-9CF3-98308213E216}.Debug|Any CPU.ActiveCfg = Debug|Any CPU
		{DFA9DAA3-3483-4B2A-9CF3-98308213E216}.Debug|Any CPU.Build.0 = Debug|Any CPU
		{DFA9DAA3-3483-4B2A-9CF3-98308213E216}.Release|Any CPU.ActiveCfg = Release|Any CPU
		{DFA9DAA3-3483-4B2A-9CF3-98308213E216}.Release|Any CPU.Build.0 = Release|Any CPU
		{8ECB123E-6C68-4D0F-BDB7-B8877F3B4A34}.Debug|Any CPU.ActiveCfg = Debug|Any CPU
		{8ECB123E-6C68-4D0F-BDB7-B8877F3B4A34}.Debug|Any CPU.Build.0 = Debug|Any CPU
		{8ECB123E-6C68-4D0F-BDB7-B8877F3B4A34}.Release|Any CPU.ActiveCfg = Release|Any CPU
		{8ECB123E-6C68-4D0F-BDB7-B8877F3B4A34}.Release|Any CPU.Build.0 = Release|Any CPU
		{E16FC7C2-B9D6-4AE0-BF64-AE25792DA2FF}.Debug|Any CPU.ActiveCfg = Debug|Any CPU
		{E16FC7C2-B9D6-4AE0-BF64-AE25792DA2FF}.Debug|Any CPU.Build.0 = Debug|Any CPU
		{E16FC7C2-B9D6-4AE0-BF64-AE25792DA2FF}.Release|Any CPU.ActiveCfg = Release|Any CPU
		{E16FC7C2-B9D6-4AE0-BF64-AE25792DA2FF}.Release|Any CPU.Build.0 = Release|Any CPU
		{6944336E-7878-47C8-8D61-B4E6257B157C}.Debug|Any CPU.ActiveCfg = Debug|Any CPU
		{6944336E-7878-47C8-8D61-B4E6257B157C}.Debug|Any CPU.Build.0 = Debug|Any CPU
		{6944336E-7878-47C8-8D61-B4E6257B157C}.Release|Any CPU.ActiveCfg = Release|Any CPU
		{6944336E-7878-47C8-8D61-B4E6257B157C}.Release|Any CPU.Build.0 = Release|Any CPU
		{9F7C7CB5-4179-454E-B43D-5E0AFC493571}.Debug|Any CPU.ActiveCfg = Debug|Any CPU
		{9F7C7CB5-4179-454E-B43D-5E0AFC493571}.Debug|Any CPU.Build.0 = Debug|Any CPU
		{9F7C7CB5-4179-454E-B43D-5E0AFC493571}.Release|Any CPU.ActiveCfg = Release|Any CPU
		{9F7C7CB5-4179-454E-B43D-5E0AFC493571}.Release|Any CPU.Build.0 = Release|Any CPU
		{434B9B09-B030-4F51-85BE-9103095C7B6C}.Debug|Any CPU.ActiveCfg = Debug|Any CPU
		{434B9B09-B030-4F51-85BE-9103095C7B6C}.Debug|Any CPU.Build.0 = Debug|Any CPU
		{434B9B09-B030-4F51-85BE-9103095C7B6C}.Release|Any CPU.ActiveCfg = Release|Any CPU
		{434B9B09-B030-4F51-85BE-9103095C7B6C}.Release|Any CPU.Build.0 = Release|Any CPU
		{A6FF57DE-A0AB-4D92-B5D2-C2E38151643F}.Debug|Any CPU.ActiveCfg = Debug|Any CPU
		{A6FF57DE-A0AB-4D92-B5D2-C2E38151643F}.Debug|Any CPU.Build.0 = Debug|Any CPU
		{A6FF57DE-A0AB-4D92-B5D2-C2E38151643F}.Release|Any CPU.ActiveCfg = Release|Any CPU
		{A6FF57DE-A0AB-4D92-B5D2-C2E38151643F}.Release|Any CPU.Build.0 = Release|Any CPU
	EndGlobalSection
	GlobalSection(SolutionProperties) = preSolution
		HideSolutionNode = FALSE
	EndGlobalSection
	GlobalSection(ExtensibilityGlobals) = postSolution
		SolutionGuid = {8930B89F-258D-44B2-9D27-5D3E60EAB142}
	EndGlobalSection
EndGlobal
