
Microsoft Visual Studio Solution File, Format Version 12.00
# Visual Studio Version 16
VisualStudioVersion = 16.0.33801.447
MinimumVisualStudioVersion = 10.0.40219.1
Project("{8BC9CEB8-8B4A-11D0-8D11-00A0C91BC942}") = "WinAPI", "WinAPI\WinAPI.vcxproj", "{4FDA23F5-C11F-4A9A-B39D-79B87780B6F6}"
EndProject
Project("{8BC9CEB8-8B4A-11D0-8D11-00A0C91BC942}") = "ComboBox", "ComboBox\ComboBox.vcxproj", "{CD6D65E7-1DB4-445C-829C-65F8C8D1C6D6}"
EndProject
Project("{8BC9CEB8-8B4A-11D0-8D11-00A0C91BC942}") = "ListBox", "ListBox\ListBox.vcxproj", "{88313305-0974-4903-976C-EE19687474AA}"
EndProject
Project("{8BC9CEB8-8B4A-11D0-8D11-00A0C91BC942}") = "MainWindow", "MainWindow\MainWindow.vcxproj", "{7917C878-B595-485D-B31F-A73250B767F4}"
EndProject
Global
	GlobalSection(SolutionConfigurationPlatforms) = preSolution
		Debug|x64 = Debug|x64
		Debug|x86 = Debug|x86
		Release|x64 = Release|x64
		Release|x86 = Release|x86
	EndGlobalSection
	GlobalSection(ProjectConfigurationPlatforms) = postSolution
		{4FDA23F5-C11F-4A9A-B39D-79B87780B6F6}.Debug|x64.ActiveCfg = Debug|x64
		{4FDA23F5-C11F-4A9A-B39D-79B87780B6F6}.Debug|x64.Build.0 = Debug|x64
		{4FDA23F5-C11F-4A9A-B39D-79B87780B6F6}.Debug|x86.ActiveCfg = Debug|Win32
		{4FDA23F5-C11F-4A9A-B39D-79B87780B6F6}.Debug|x86.Build.0 = Debug|Win32
		{4FDA23F5-C11F-4A9A-B39D-79B87780B6F6}.Release|x64.ActiveCfg = Release|x64
		{4FDA23F5-C11F-4A9A-B39D-79B87780B6F6}.Release|x64.Build.0 = Release|x64
		{4FDA23F5-C11F-4A9A-B39D-79B87780B6F6}.Release|x86.ActiveCfg = Release|Win32
		{4FDA23F5-C11F-4A9A-B39D-79B87780B6F6}.Release|x86.Build.0 = Release|Win32
		{CD6D65E7-1DB4-445C-829C-65F8C8D1C6D6}.Debug|x64.ActiveCfg = Debug|x64
		{CD6D65E7-1DB4-445C-829C-65F8C8D1C6D6}.Debug|x64.Build.0 = Debug|x64
		{CD6D65E7-1DB4-445C-829C-65F8C8D1C6D6}.Debug|x86.ActiveCfg = Debug|Win32
		{CD6D65E7-1DB4-445C-829C-65F8C8D1C6D6}.Debug|x86.Build.0 = Debug|Win32
		{CD6D65E7-1DB4-445C-829C-65F8C8D1C6D6}.Release|x64.ActiveCfg = Release|x64
		{CD6D65E7-1DB4-445C-829C-65F8C8D1C6D6}.Release|x64.Build.0 = Release|x64
		{CD6D65E7-1DB4-445C-829C-65F8C8D1C6D6}.Release|x86.ActiveCfg = Release|Win32
		{CD6D65E7-1DB4-445C-829C-65F8C8D1C6D6}.Release|x86.Build.0 = Release|Win32
		{88313305-0974-4903-976C-EE19687474AA}.Debug|x64.ActiveCfg = Debug|x64
		{88313305-0974-4903-976C-EE19687474AA}.Debug|x64.Build.0 = Debug|x64
		{88313305-0974-4903-976C-EE19687474AA}.Debug|x86.ActiveCfg = Debug|Win32
		{88313305-0974-4903-976C-EE19687474AA}.Debug|x86.Build.0 = Debug|Win32
		{88313305-0974-4903-976C-EE19687474AA}.Release|x64.ActiveCfg = Release|x64
		{88313305-0974-4903-976C-EE19687474AA}.Release|x64.Build.0 = Release|x64
		{88313305-0974-4903-976C-EE19687474AA}.Release|x86.ActiveCfg = Release|Win32
		{88313305-0974-4903-976C-EE19687474AA}.Release|x86.Build.0 = Release|Win32
		{7917C878-B595-485D-B31F-A73250B767F4}.Debug|x64.ActiveCfg = Debug|x64
		{7917C878-B595-485D-B31F-A73250B767F4}.Debug|x64.Build.0 = Debug|x64
		{7917C878-B595-485D-B31F-A73250B767F4}.Debug|x86.ActiveCfg = Debug|Win32
		{7917C878-B595-485D-B31F-A73250B767F4}.Debug|x86.Build.0 = Debug|Win32
		{7917C878-B595-485D-B31F-A73250B767F4}.Release|x64.ActiveCfg = Release|x64
		{7917C878-B595-485D-B31F-A73250B767F4}.Release|x64.Build.0 = Release|x64
		{7917C878-B595-485D-B31F-A73250B767F4}.Release|x86.ActiveCfg = Release|Win32
		{7917C878-B595-485D-B31F-A73250B767F4}.Release|x86.Build.0 = Release|Win32
	EndGlobalSection
	GlobalSection(SolutionProperties) = preSolution
		HideSolutionNode = FALSE
	EndGlobalSection
	GlobalSection(ExtensibilityGlobals) = postSolution
		SolutionGuid = {2E83652B-6D68-4C79-8104-4542A4BBFCA9}
	EndGlobalSection
EndGlobal
